<?xml version="1.0" encoding="utf-8"?>
<Project ToolsVersion="16.0" xmlns="http://schemas.microsoft.com/developer/msbuild/2003">
  <ItemGroup>
    <ClCompile Include="D:\Projects\Cocos2dx\Cocos2dx-TestGame1\Classes\GunBound\GunBoundScene.cpp">
      <Filter>Source Files\Classes\GunBound</Filter>
    </ClCompile>
    <ClCompile Include="D:\Projects\Cocos2dx\Cocos2dx-TestGame1\Classes\GunBound\Character.cpp">
      <Filter>Source Files\Classes\GunBound</Filter>
    </ClCompile>
    <ClCompile Include="D:\Projects\Cocos2dx\Cocos2dx-TestGame1\Classes\GunBound\Cannon.cpp">
      <Filter>Source Files\Classes\GunBound</Filter>
    </ClCompile>
    <ClCompile Include="D:\Projects\Cocos2dx\Cocos2dx-TestGame1\Classes\GunBound\Ammo.cpp">
      <Filter>Source Files\Classes\GunBound</Filter>
    </ClCompile>
    <ClCompile Include="D:\Projects\Cocos2dx\Cocos2dx-TestGame1\Classes\GunBound\CustomAnimation.cpp">
      <Filter>Source Files\Classes\GunBound</Filter>
    </ClCompile>
    <ClCompile Include="D:\Projects\Cocos2dx\Cocos2dx-TestGame1\Classes\GunBound\SpritePhysics.cpp">
      <Filter>Source Files\Classes\GunBound</Filter>
    </ClCompile>
    <ClCompile Include="D:\Projects\Cocos2dx\Cocos2dx-TestGame1\Classes\GunBound\GameLayer.cpp">
      <Filter>Source Files\Classes\GunBound</Filter>
    </ClCompile>
    <ClCompile Include="D:\Projects\Cocos2dx\Cocos2dx-TestGame1\Classes\GunBound\BackgroundLayer.cpp">
      <Filter>Source Files\Classes\GunBound</Filter>
    </ClCompile>
    <ClCompile Include="D:\Projects\Cocos2dx\Cocos2dx-TestGame1\Classes\GunBound\InputHandler.cpp">
      <Filter>Source Files\Classes\GunBound</Filter>
    </ClCompile>
    <ClCompile Include="D:\Projects\Cocos2dx\Cocos2dx-TestGame1\Classes\GunBound\GUI\ChargeMeterGUI.cpp">
      <Filter>Source Files\Classes\GunBound\GUI</Filter>
    </ClCompile>
    <ClCompile Include="D:\Projects\Cocos2dx\Cocos2dx-TestGame1\Classes\GunBound\DebugScene.cpp">
      <Filter>Source Files\Classes\GunBound</Filter>
    </ClCompile>
    <ClCompile Include="D:\Projects\Cocos2dx\Cocos2dx-TestGame1\Classes\AppDelegate.cpp">
      <Filter>Source Files\Classes</Filter>
    </ClCompile>
    <ClCompile Include="D:\Projects\Cocos2dx\Cocos2dx-TestGame1\Classes\Helper.cpp">
      <Filter>Source Files\Classes</Filter>
    </ClCompile>
    <ClCompile Include="D:\Projects\Cocos2dx\Cocos2dx-TestGame1\Classes\GameScene.cpp">
      <Filter>Source Files\Classes</Filter>
    </ClCompile>
    <ClCompile Include="D:\Projects\Cocos2dx\Cocos2dx-TestGame1\Classes\Dino.cpp">
      <Filter>Source Files\Classes</Filter>
    </ClCompile>
    <ClCompile Include="D:\Projects\Cocos2dx\Cocos2dx-TestGame1\Classes\Hockey\Hockey.cpp">
      <Filter>Source Files\Classes\Hockey</Filter>
    </ClCompile>
    <ClCompile Include="D:\Projects\Cocos2dx\Cocos2dx-TestGame1\Classes\Hockey\GameSprite.cpp">
      <Filter>Source Files\Classes\Hockey</Filter>
    </ClCompile>
    <ClCompile Include="D:\Projects\Cocos2dx\Cocos2dx-TestGame1\proj.win32\main.cpp">
      <Filter>Source Files\proj.win32</Filter>
    </ClCompile>
    <ClCompile Include="D:\Projects\Cocos2dx\Cocos2dx-TestGame1\cocos2d\cocos\precheader.cpp">
      <Filter>Source Files</Filter>
    </ClCompile>
  </ItemGroup>
  <ItemGroup>
    <ClInclude Include="D:\Projects\Cocos2dx\Cocos2dx-TestGame1\Classes\Interfaces\Observer.h">
      <Filter>Source Files\Classes\Interfaces</Filter>
    </ClInclude>
    <ClInclude Include="D:\Projects\Cocos2dx\Cocos2dx-TestGame1\Classes\GunBound\IDamageable.h">
      <Filter>Source Files\Classes\GunBound</Filter>
    </ClInclude>
    <ClInclude Include="D:\Projects\Cocos2dx\Cocos2dx-TestGame1\Classes\GunBound\SceneSetup.h">
      <Filter>Source Files\Classes\GunBound</Filter>
    </ClInclude>
    <ClInclude Include="D:\Projects\Cocos2dx\Cocos2dx-TestGame1\Classes\GunBound\GunBoundScene.h">
      <Filter>Source Files\Classes\GunBound</Filter>
    </ClInclude>
    <ClInclude Include="D:\Projects\Cocos2dx\Cocos2dx-TestGame1\Classes\GunBound\Character.h">
      <Filter>Source Files\Classes\GunBound</Filter>
    </ClInclude>
    <ClInclude Include="D:\Projects\Cocos2dx\Cocos2dx-TestGame1\Classes\GunBound\Cannon.h">
      <Filter>Source Files\Classes\GunBound</Filter>
    </ClInclude>
    <ClInclude Include="D:\Projects\Cocos2dx\Cocos2dx-TestGame1\Classes\GunBound\Ammo.h">
      <Filter>Source Files\Classes\GunBound</Filter>
    </ClInclude>
    <ClInclude Include="D:\Projects\Cocos2dx\Cocos2dx-TestGame1\Classes\GunBound\CustomAnimation.h">
      <Filter>Source Files\Classes\GunBound</Filter>
    </ClInclude>
    <ClInclude Include="D:\Projects\Cocos2dx\Cocos2dx-TestGame1\Classes\GunBound\SpritePhysics.h">
      <Filter>Source Files\Classes\GunBound</Filter>
    </ClInclude>
    <ClInclude Include="D:\Projects\Cocos2dx\Cocos2dx-TestGame1\Classes\GunBound\GameLayer.h">
      <Filter>Source Files\Classes\GunBound</Filter>
    </ClInclude>
    <ClInclude Include="D:\Projects\Cocos2dx\Cocos2dx-TestGame1\Classes\GunBound\BackgroundLayer.h">
      <Filter>Source Files\Classes\GunBound</Filter>
    </ClInclude>
    <ClInclude Include="D:\Projects\Cocos2dx\Cocos2dx-TestGame1\Classes\GunBound\InputHandler.h">
      <Filter>Source Files\Classes\GunBound</Filter>
    </ClInclude>
    <ClInclude Include="D:\Projects\Cocos2dx\Cocos2dx-TestGame1\Classes\GunBound\GUI\ChargeMeterGUI.h">
      <Filter>Source Files\Classes\GunBound\GUI</Filter>
    </ClInclude>
    <ClInclude Include="D:\Projects\Cocos2dx\Cocos2dx-TestGame1\Classes\GunBound\DebugScene.h">
      <Filter>Source Files\Classes\GunBound</Filter>
    </ClInclude>
    <ClInclude Include="D:\Projects\Cocos2dx\Cocos2dx-TestGame1\Classes\AppDelegate.h">
      <Filter>Source Files\Classes</Filter>
    </ClInclude>
    <ClInclude Include="D:\Projects\Cocos2dx\Cocos2dx-TestGame1\Classes\Helper.h">
      <Filter>Source Files\Classes</Filter>
    </ClInclude>
    <ClInclude Include="D:\Projects\Cocos2dx\Cocos2dx-TestGame1\Classes\EarCut\earcut.hpp">
      <Filter>Source Files\Classes\EarCut</Filter>
    </ClInclude>
    <ClInclude Include="D:\Projects\Cocos2dx\Cocos2dx-TestGame1\Classes\GameScene.h">
      <Filter>Source Files\Classes</Filter>
    </ClInclude>
    <ClInclude Include="D:\Projects\Cocos2dx\Cocos2dx-TestGame1\Classes\Dino.h">
      <Filter>Source Files\Classes</Filter>
    </ClInclude>
    <ClInclude Include="D:\Projects\Cocos2dx\Cocos2dx-TestGame1\Classes\Hockey\Hockey.h">
      <Filter>Source Files\Classes\Hockey</Filter>
    </ClInclude>
    <ClInclude Include="D:\Projects\Cocos2dx\Cocos2dx-TestGame1\Classes\Hockey\GameSprite.h">
      <Filter>Source Files\Classes\Hockey</Filter>
    </ClInclude>
    <ClInclude Include="D:\Projects\Cocos2dx\Cocos2dx-TestGame1\proj.win32\main.h">
      <Filter>Source Files\proj.win32</Filter>
    </ClInclude>
    <ClInclude Include="D:\Projects\Cocos2dx\Cocos2dx-TestGame1\proj.win32\resource.h">
      <Filter>Source Files\proj.win32</Filter>
    </ClInclude>
    <ClInclude Include="D:\Projects\Cocos2dx\Cocos2dx-TestGame1\Resources\Background.png">
      <Filter>Resources</Filter>
    </ClInclude>
    <ClInclude Include="D:\Projects\Cocos2dx\Cocos2dx-TestGame1\Resources\Cannon\Cannon.plist">
      <Filter>Resources\Cannon</Filter>
    </ClInclude>
    <ClInclude Include="D:\Projects\Cocos2dx\Cocos2dx-TestGame1\Resources\Cannon\Cannon.png">
      <Filter>Resources\Cannon</Filter>
    </ClInclude>
    <ClInclude Include="D:\Projects\Cocos2dx\Cocos2dx-TestGame1\Resources\CloseNormal.png">
      <Filter>Resources</Filter>
    </ClInclude>
    <ClInclude Include="D:\Projects\Cocos2dx\Cocos2dx-TestGame1\Resources\CloseSelected.png">
      <Filter>Resources</Filter>
    </ClInclude>
    <ClInclude Include="D:\Projects\Cocos2dx\Cocos2dx-TestGame1\Resources\Dino\Dino.txt">
      <Filter>Resources\Dino</Filter>
    </ClInclude>
    <ClInclude Include="D:\Projects\Cocos2dx\Cocos2dx-TestGame1\Resources\Dino\DinoDoux.plist">
      <Filter>Resources\Dino</Filter>
    </ClInclude>
    <ClInclude Include="D:\Projects\Cocos2dx\Cocos2dx-TestGame1\Resources\Dino\DinoDoux.png">
      <Filter>Resources\Dino</Filter>
    </ClInclude>
    <ClInclude Include="D:\Projects\Cocos2dx\Cocos2dx-TestGame1\Resources\Dino\DinoMort.plist">
      <Filter>Resources\Dino</Filter>
    </ClInclude>
    <ClInclude Include="D:\Projects\Cocos2dx\Cocos2dx-TestGame1\Resources\Dino\DinoMort.png">
      <Filter>Resources\Dino</Filter>
    </ClInclude>
    <ClInclude Include="D:\Projects\Cocos2dx\Cocos2dx-TestGame1\Resources\Dino\DinoTart.plist">
      <Filter>Resources\Dino</Filter>
    </ClInclude>
    <ClInclude Include="D:\Projects\Cocos2dx\Cocos2dx-TestGame1\Resources\Dino\DinoTart.png">
      <Filter>Resources\Dino</Filter>
    </ClInclude>
    <ClInclude Include="D:\Projects\Cocos2dx\Cocos2dx-TestGame1\Resources\Dino\DinoVita.plist">
      <Filter>Resources\Dino</Filter>
    </ClInclude>
    <ClInclude Include="D:\Projects\Cocos2dx\Cocos2dx-TestGame1\Resources\Dino\DinoVita.png">
      <Filter>Resources\Dino</Filter>
    </ClInclude>
    <ClInclude Include="D:\Projects\Cocos2dx\Cocos2dx-TestGame1\Resources\Dino\Shadow.png">
      <Filter>Resources\Dino</Filter>
    </ClInclude>
    <ClInclude Include="D:\Projects\Cocos2dx\Cocos2dx-TestGame1\Resources\Empty.png">
      <Filter>Resources</Filter>
    </ClInclude>
    <ClInclude Include="D:\Projects\Cocos2dx\Cocos2dx-TestGame1\Resources\GunBound\Animations\AnimationSmoke.plist">
      <Filter>Resources\GunBound\Animations</Filter>
    </ClInclude>
    <ClInclude Include="D:\Projects\Cocos2dx\Cocos2dx-TestGame1\Resources\GunBound\Animations\AnimationSmoke.png">
      <Filter>Resources\GunBound\Animations</Filter>
    </ClInclude>
    <ClInclude Include="D:\Projects\Cocos2dx\Cocos2dx-TestGame1\Resources\GunBound\Animations\Character_SteamMan.plist">
      <Filter>Resources\GunBound\Animations</Filter>
    </ClInclude>
    <ClInclude Include="D:\Projects\Cocos2dx\Cocos2dx-TestGame1\Resources\GunBound\Animations\Character_SteamMan.png">
      <Filter>Resources\GunBound\Animations</Filter>
    </ClInclude>
    <ClInclude Include="D:\Projects\Cocos2dx\Cocos2dx-TestGame1\Resources\GunBound\BackgroundLayer1.png">
      <Filter>Resources\GunBound</Filter>
    </ClInclude>
    <ClInclude Include="D:\Projects\Cocos2dx\Cocos2dx-TestGame1\Resources\GunBound\BackgroundLayer2.png">
      <Filter>Resources\GunBound</Filter>
    </ClInclude>
    <ClInclude Include="D:\Projects\Cocos2dx\Cocos2dx-TestGame1\Resources\GunBound\Bullet.png">
      <Filter>Resources\GunBound</Filter>
    </ClInclude>
    <ClInclude Include="D:\Projects\Cocos2dx\Cocos2dx-TestGame1\Resources\GunBound\Crate.png">
      <Filter>Resources\GunBound</Filter>
    </ClInclude>
    <ClInclude Include="D:\Projects\Cocos2dx\Cocos2dx-TestGame1\Resources\GunBound\Player.png">
      <Filter>Resources\GunBound</Filter>
    </ClInclude>
    <ClInclude Include="D:\Projects\Cocos2dx\Cocos2dx-TestGame1\Resources\GunBound\Terrain1.png">
      <Filter>Resources\GunBound</Filter>
    </ClInclude>
    <ClInclude Include="D:\Projects\Cocos2dx\Cocos2dx-TestGame1\Resources\GunBound\Terrain2.png">
      <Filter>Resources\GunBound</Filter>
    </ClInclude>
    <ClInclude Include="D:\Projects\Cocos2dx\Cocos2dx-TestGame1\Resources\GunBound\TileMaps\Map1.tmx">
      <Filter>Resources\GunBound\TileMaps</Filter>
    </ClInclude>
    <ClInclude Include="D:\Projects\Cocos2dx\Cocos2dx-TestGame1\Resources\GunBound\TileMaps\_tileset.png">
      <Filter>Resources\GunBound\TileMaps</Filter>
    </ClInclude>
    <ClInclude Include="D:\Projects\Cocos2dx\Cocos2dx-TestGame1\Resources\GunBound\Tree.png">
      <Filter>Resources\GunBound</Filter>
    </ClInclude>
    <ClInclude Include="D:\Projects\Cocos2dx\Cocos2dx-TestGame1\Resources\HelloWorld.png">
      <Filter>Resources</Filter>
    </ClInclude>
    <ClInclude Include="D:\Projects\Cocos2dx\Cocos2dx-TestGame1\Resources\Hockey\Hockey.plist">
      <Filter>Resources\Hockey</Filter>
    </ClInclude>
    <ClInclude Include="D:\Projects\Cocos2dx\Cocos2dx-TestGame1\Resources\Hockey\Hockey.png">
      <Filter>Resources\Hockey</Filter>
    </ClInclude>
    <ClInclude Include="D:\Projects\Cocos2dx\Cocos2dx-TestGame1\Resources\UI\Button_Disable.png">
      <Filter>Resources\UI</Filter>
    </ClInclude>
    <ClInclude Include="D:\Projects\Cocos2dx\Cocos2dx-TestGame1\Resources\UI\Button_Normal.png">
      <Filter>Resources\UI</Filter>
    </ClInclude>
    <ClInclude Include="D:\Projects\Cocos2dx\Cocos2dx-TestGame1\Resources\UI\Button_Press.png">
      <Filter>Resources\UI</Filter>
    </ClInclude>
    <ClInclude Include="D:\Projects\Cocos2dx\Cocos2dx-TestGame1\Resources\fonts\Marker Felt.ttf">
      <Filter>Resources\fonts</Filter>
    </ClInclude>
    <ClInclude Include="D:\Projects\Cocos2dx\Cocos2dx-TestGame1\Resources\fonts\arial.ttf">
      <Filter>Resources\fonts</Filter>
    </ClInclude>
    <ClInclude Include="D:\Projects\Cocos2dx\Cocos2dx-TestGame1\Resources\res\.gitkeep">
      <Filter>Resources\res</Filter>
    </ClInclude>
  </ItemGroup>
  <ItemGroup>
    <CustomBuild Include="D:\Projects\Cocos2dx\Cocos2dx-TestGame1\CMakeLists.txt" />
  </ItemGroup>
  <ItemGroup>
    <ResourceCompile Include="D:\Projects\Cocos2dx\Cocos2dx-TestGame1\proj.win32\game.rc">
      <Filter>Source Files\proj.win32</Filter>
    </ResourceCompile>
  </ItemGroup>
  <ItemGroup>
    <Filter Include="Resources">
      <UniqueIdentifier>{7A39A91B-D251-3485-B733-6D75662D604D}</UniqueIdentifier>
    </Filter>
    <Filter Include="Resources\Cannon">
      <UniqueIdentifier>{9CADD285-0499-3F7B-AF24-BF65C6BCE38D}</UniqueIdentifier>
    </Filter>
    <Filter Include="Resources\Dino">
      <UniqueIdentifier>{97972ADF-247D-3B00-A3B7-BB6A33367539}</UniqueIdentifier>
    </Filter>
    <Filter Include="Resources\GunBound">
      <UniqueIdentifier>{BAF77AF6-C1CA-3593-8D92-17D1BC753714}</UniqueIdentifier>
    </Filter>
    <Filter Include="Resources\GunBound\Animations">
      <UniqueIdentifier>{1100973F-7DBB-36A0-84B1-C99A246E9E57}</UniqueIdentifier>
    </Filter>
    <Filter Include="Resources\GunBound\TileMaps">
      <UniqueIdentifier>{114060B4-6C0D-3FE4-BA7D-341E7DC577C9}</UniqueIdentifier>
    </Filter>
    <Filter Include="Resources\Hockey">
      <UniqueIdentifier>{CE6F3D47-8EA9-35AD-A75A-F4564EAE88ED}</UniqueIdentifier>
    </Filter>
    <Filter Include="Resources\UI">
      <UniqueIdentifier>{8565F622-1E09-35B8-B5BE-4F3A60B7FFF3}</UniqueIdentifier>
    </Filter>
    <Filter Include="Resources\fonts">
      <UniqueIdentifier>{06970BD9-DCDA-3E81-8E36-D1E30AE86EF8}</UniqueIdentifier>
    </Filter>
    <Filter Include="Resources\res">
      <UniqueIdentifier>{82260579-44A9-3850-90FB-D050A659BCEA}</UniqueIdentifier>
    </Filter>
    <Filter Include="Source Files">
      <UniqueIdentifier>{9FCF290F-1D5D-39DF-B28B-0D103B668D9D}</UniqueIdentifier>
    </Filter>
    <Filter Include="Source Files\Classes">
      <UniqueIdentifier>{CF9FA752-8CE9-30F6-91C3-1F8A8637C448}</UniqueIdentifier>
    </Filter>
    <Filter Include="Source Files\Classes\EarCut">
      <UniqueIdentifier>{3521227E-190E-3BF8-B71B-4DFDC9579A4D}</UniqueIdentifier>
    </Filter>
    <Filter Include="Source Files\Classes\GunBound">
      <UniqueIdentifier>{4A34A852-DAA0-308C-BB6F-3B2FE5A205AF}</UniqueIdentifier>
    </Filter>
    <Filter Include="Source Files\Classes\GunBound\GUI">
      <UniqueIdentifier>{2590477F-7710-3BE2-821F-B8DBB341266D}</UniqueIdentifier>
    </Filter>
    <Filter Include="Source Files\Classes\Hockey">
      <UniqueIdentifier>{0862C5C0-9E9D-33DA-B1B3-B21DC1586908}</UniqueIdentifier>
    </Filter>
    <Filter Include="Source Files\Classes\Interfaces">
      <UniqueIdentifier>{D059F438-38B8-3198-932E-32307EFA8FBC}</UniqueIdentifier>
    </Filter>
    <Filter Include="Source Files\proj.win32">
      <UniqueIdentifier>{757E611C-780F-3739-B0BD-71AA4F003940}</UniqueIdentifier>
    </Filter>
  </ItemGroup>
</Project>
