<?xml version="1.0" encoding="utf-8"?>
<Project ToolsVersion="16.0" xmlns="http://schemas.microsoft.com/developer/msbuild/2003">
  <ItemGroup>
    <ClCompile Include="D:\Projects\Cocos2dx\TestGame1\Classes\GunBound\GunBoundScene.cpp">
      <Filter>Source Files\Classes\GunBound</Filter>
    </ClCompile>
    <ClCompile Include="D:\Projects\Cocos2dx\TestGame1\Classes\GunBound\Character.cpp">
      <Filter>Source Files\Classes\GunBound</Filter>
    </ClCompile>
    <ClCompile Include="D:\Projects\Cocos2dx\TestGame1\Classes\GunBound\Cannon.cpp">
      <Filter>Source Files\Classes\GunBound</Filter>
    </ClCompile>
    <ClCompile Include="D:\Projects\Cocos2dx\TestGame1\Classes\GunBound\Ammo.cpp">
      <Filter>Source Files\Classes\GunBound</Filter>
    </ClCompile>
    <ClCompile Include="D:\Projects\Cocos2dx\TestGame1\Classes\GunBound\CustomAnimation.cpp">
      <Filter>Source Files\Classes\GunBound</Filter>
    </ClCompile>
    <ClCompile Include="D:\Projects\Cocos2dx\TestGame1\Classes\GunBound\SpritePhysics.cpp">
      <Filter>Source Files\Classes\GunBound</Filter>
    </ClCompile>
    <ClCompile Include="D:\Projects\Cocos2dx\TestGame1\Classes\GunBound\GunBound.cpp">
      <Filter>Source Files\Classes\GunBound</Filter>
    </ClCompile>
    <ClCompile Include="D:\Projects\Cocos2dx\TestGame1\Classes\GunBound\Gun.cpp">
      <Filter>Source Files\Classes\GunBound</Filter>
    </ClCompile>
    <ClCompile Include="D:\Projects\Cocos2dx\TestGame1\Classes\GunBound\GameTerrain.cpp">
      <Filter>Source Files\Classes\GunBound</Filter>
    </ClCompile>
    <ClCompile Include="D:\Projects\Cocos2dx\TestGame1\Classes\GunBound\TestPhysics.cpp">
      <Filter>Source Files\Classes\GunBound</Filter>
    </ClCompile>
    <ClCompile Include="D:\Projects\Cocos2dx\TestGame1\Classes\GunBound\DebugScene.cpp">
      <Filter>Source Files\Classes\GunBound</Filter>
    </ClCompile>
    <ClCompile Include="D:\Projects\Cocos2dx\TestGame1\Classes\AppDelegate.cpp">
      <Filter>Source Files\Classes</Filter>
    </ClCompile>
    <ClCompile Include="D:\Projects\Cocos2dx\TestGame1\Classes\Helper.cpp">
      <Filter>Source Files\Classes</Filter>
    </ClCompile>
    <ClCompile Include="D:\Projects\Cocos2dx\TestGame1\Classes\GameScene.cpp">
      <Filter>Source Files\Classes</Filter>
    </ClCompile>
    <ClCompile Include="D:\Projects\Cocos2dx\TestGame1\Classes\Dino.cpp">
      <Filter>Source Files\Classes</Filter>
    </ClCompile>
    <ClCompile Include="D:\Projects\Cocos2dx\TestGame1\Classes\Hockey\Hockey.cpp">
      <Filter>Source Files\Classes\Hockey</Filter>
    </ClCompile>
    <ClCompile Include="D:\Projects\Cocos2dx\TestGame1\Classes\Hockey\GameSprite.cpp">
      <Filter>Source Files\Classes\Hockey</Filter>
    </ClCompile>
    <ClCompile Include="D:\Projects\Cocos2dx\TestGame1\proj.win32\main.cpp">
      <Filter>Source Files\proj.win32</Filter>
    </ClCompile>
    <ClCompile Include="D:\Projects\Cocos2dx\TestGame1\cocos2d\cocos\precheader.cpp">
      <Filter>Source Files</Filter>
    </ClCompile>
  </ItemGroup>
  <ItemGroup>
    <ClInclude Include="D:\Projects\Cocos2dx\TestGame1\Classes\GunBound\IDamageable.h">
      <Filter>Source Files\Classes\GunBound</Filter>
    </ClInclude>
    <ClInclude Include="D:\Projects\Cocos2dx\TestGame1\Classes\GunBound\GunBoundScene.h">
      <Filter>Source Files\Classes\GunBound</Filter>
    </ClInclude>
    <ClInclude Include="D:\Projects\Cocos2dx\TestGame1\Classes\GunBound\Character.h">
      <Filter>Source Files\Classes\GunBound</Filter>
    </ClInclude>
    <ClInclude Include="D:\Projects\Cocos2dx\TestGame1\Classes\GunBound\Cannon.h">
      <Filter>Source Files\Classes\GunBound</Filter>
    </ClInclude>
    <ClInclude Include="D:\Projects\Cocos2dx\TestGame1\Classes\GunBound\Ammo.h">
      <Filter>Source Files\Classes\GunBound</Filter>
    </ClInclude>
    <ClInclude Include="D:\Projects\Cocos2dx\TestGame1\Classes\GunBound\CustomAnimation.h">
      <Filter>Source Files\Classes\GunBound</Filter>
    </ClInclude>
    <ClInclude Include="D:\Projects\Cocos2dx\TestGame1\Classes\GunBound\SpritePhysics.h">
      <Filter>Source Files\Classes\GunBound</Filter>
    </ClInclude>
    <ClInclude Include="D:\Projects\Cocos2dx\TestGame1\Classes\GunBound\GunBound.h">
      <Filter>Source Files\Classes\GunBound</Filter>
    </ClInclude>
    <ClInclude Include="D:\Projects\Cocos2dx\TestGame1\Classes\GunBound\Gun.h">
      <Filter>Source Files\Classes\GunBound</Filter>
    </ClInclude>
    <ClInclude Include="D:\Projects\Cocos2dx\TestGame1\Classes\GunBound\GameTerrain.h">
      <Filter>Source Files\Classes\GunBound</Filter>
    </ClInclude>
    <ClInclude Include="D:\Projects\Cocos2dx\TestGame1\Classes\GunBound\TestPhysics.h">
      <Filter>Source Files\Classes\GunBound</Filter>
    </ClInclude>
    <ClInclude Include="D:\Projects\Cocos2dx\TestGame1\Classes\GunBound\DebugScene.h">
      <Filter>Source Files\Classes\GunBound</Filter>
    </ClInclude>
    <ClInclude Include="D:\Projects\Cocos2dx\TestGame1\Classes\AppDelegate.h">
      <Filter>Source Files\Classes</Filter>
    </ClInclude>
    <ClInclude Include="D:\Projects\Cocos2dx\TestGame1\Classes\Helper.h">
      <Filter>Source Files\Classes</Filter>
    </ClInclude>
    <ClInclude Include="D:\Projects\Cocos2dx\TestGame1\Classes\EarCut\earcut.hpp">
      <Filter>Source Files\Classes\EarCut</Filter>
    </ClInclude>
    <ClInclude Include="D:\Projects\Cocos2dx\TestGame1\Classes\GameScene.h">
      <Filter>Source Files\Classes</Filter>
    </ClInclude>
    <ClInclude Include="D:\Projects\Cocos2dx\TestGame1\Classes\Dino.h">
      <Filter>Source Files\Classes</Filter>
    </ClInclude>
    <ClInclude Include="D:\Projects\Cocos2dx\TestGame1\Classes\Hockey\Hockey.h">
      <Filter>Source Files\Classes\Hockey</Filter>
    </ClInclude>
    <ClInclude Include="D:\Projects\Cocos2dx\TestGame1\Classes\Hockey\GameSprite.h">
      <Filter>Source Files\Classes\Hockey</Filter>
    </ClInclude>
    <ClInclude Include="D:\Projects\Cocos2dx\TestGame1\proj.win32\main.h">
      <Filter>Source Files\proj.win32</Filter>
    </ClInclude>
    <ClInclude Include="D:\Projects\Cocos2dx\TestGame1\proj.win32\resource.h">
      <Filter>Source Files\proj.win32</Filter>
    </ClInclude>
    <ClInclude Include="D:\Projects\Cocos2dx\TestGame1\Resources\Background.png">
      <Filter>Resources</Filter>
    </ClInclude>
    <ClInclude Include="D:\Projects\Cocos2dx\TestGame1\Resources\Cannon\Cannon.plist">
      <Filter>Resources\Cannon</Filter>
    </ClInclude>
    <ClInclude Include="D:\Projects\Cocos2dx\TestGame1\Resources\Cannon\Cannon.png">
      <Filter>Resources\Cannon</Filter>
    </ClInclude>
    <ClInclude Include="D:\Projects\Cocos2dx\TestGame1\Resources\CloseNormal.png">
      <Filter>Resources</Filter>
    </ClInclude>
    <ClInclude Include="D:\Projects\Cocos2dx\TestGame1\Resources\CloseSelected.png">
      <Filter>Resources</Filter>
    </ClInclude>
    <ClInclude Include="D:\Projects\Cocos2dx\TestGame1\Resources\Dino\Dino.txt">
      <Filter>Resources\Dino</Filter>
    </ClInclude>
    <ClInclude Include="D:\Projects\Cocos2dx\TestGame1\Resources\Dino\DinoDoux.plist">
      <Filter>Resources\Dino</Filter>
    </ClInclude>
    <ClInclude Include="D:\Projects\Cocos2dx\TestGame1\Resources\Dino\DinoDoux.png">
      <Filter>Resources\Dino</Filter>
    </ClInclude>
    <ClInclude Include="D:\Projects\Cocos2dx\TestGame1\Resources\Dino\DinoMort.plist">
      <Filter>Resources\Dino</Filter>
    </ClInclude>
    <ClInclude Include="D:\Projects\Cocos2dx\TestGame1\Resources\Dino\DinoMort.png">
      <Filter>Resources\Dino</Filter>
    </ClInclude>
    <ClInclude Include="D:\Projects\Cocos2dx\TestGame1\Resources\Dino\DinoTart.plist">
      <Filter>Resources\Dino</Filter>
    </ClInclude>
    <ClInclude Include="D:\Projects\Cocos2dx\TestGame1\Resources\Dino\DinoTart.png">
      <Filter>Resources\Dino</Filter>
    </ClInclude>
    <ClInclude Include="D:\Projects\Cocos2dx\TestGame1\Resources\Dino\DinoVita.plist">
      <Filter>Resources\Dino</Filter>
    </ClInclude>
    <ClInclude Include="D:\Projects\Cocos2dx\TestGame1\Resources\Dino\DinoVita.png">
      <Filter>Resources\Dino</Filter>
    </ClInclude>
    <ClInclude Include="D:\Projects\Cocos2dx\TestGame1\Resources\Dino\Shadow.png">
      <Filter>Resources\Dino</Filter>
    </ClInclude>
    <ClInclude Include="D:\Projects\Cocos2dx\TestGame1\Resources\Empty.png">
      <Filter>Resources</Filter>
    </ClInclude>
    <ClInclude Include="D:\Projects\Cocos2dx\TestGame1\Resources\GunBound\Animations\AnimationSmoke.plist">
      <Filter>Resources\GunBound\Animations</Filter>
    </ClInclude>
    <ClInclude Include="D:\Projects\Cocos2dx\TestGame1\Resources\GunBound\Animations\AnimationSmoke.png">
      <Filter>Resources\GunBound\Animations</Filter>
    </ClInclude>
    <ClInclude Include="D:\Projects\Cocos2dx\TestGame1\Resources\GunBound\BackgroundLayer1.png">
      <Filter>Resources\GunBound</Filter>
    </ClInclude>
    <ClInclude Include="D:\Projects\Cocos2dx\TestGame1\Resources\GunBound\BackgroundLayer2.png">
      <Filter>Resources\GunBound</Filter>
    </ClInclude>
    <ClInclude Include="D:\Projects\Cocos2dx\TestGame1\Resources\GunBound\Bullet.png">
      <Filter>Resources\GunBound</Filter>
    </ClInclude>
    <ClInclude Include="D:\Projects\Cocos2dx\TestGame1\Resources\GunBound\Crate.png">
      <Filter>Resources\GunBound</Filter>
    </ClInclude>
    <ClInclude Include="D:\Projects\Cocos2dx\TestGame1\Resources\GunBound\Player.png">
      <Filter>Resources\GunBound</Filter>
    </ClInclude>
    <ClInclude Include="D:\Projects\Cocos2dx\TestGame1\Resources\GunBound\Terrain.png">
      <Filter>Resources\GunBound</Filter>
    </ClInclude>
    <ClInclude Include="D:\Projects\Cocos2dx\TestGame1\Resources\GunBound\Tree.png">
      <Filter>Resources\GunBound</Filter>
    </ClInclude>
    <ClInclude Include="D:\Projects\Cocos2dx\TestGame1\Resources\HelloWorld.png">
      <Filter>Resources</Filter>
    </ClInclude>
    <ClInclude Include="D:\Projects\Cocos2dx\TestGame1\Resources\Hockey\Hockey.plist">
      <Filter>Resources\Hockey</Filter>
    </ClInclude>
    <ClInclude Include="D:\Projects\Cocos2dx\TestGame1\Resources\Hockey\Hockey.png">
      <Filter>Resources\Hockey</Filter>
    </ClInclude>
    <ClInclude Include="D:\Projects\Cocos2dx\TestGame1\Resources\UI\Button_Disable.png">
      <Filter>Resources\UI</Filter>
    </ClInclude>
    <ClInclude Include="D:\Projects\Cocos2dx\TestGame1\Resources\UI\Button_Normal.png">
      <Filter>Resources\UI</Filter>
    </ClInclude>
    <ClInclude Include="D:\Projects\Cocos2dx\TestGame1\Resources\UI\Button_Press.png">
      <Filter>Resources\UI</Filter>
    </ClInclude>
    <ClInclude Include="D:\Projects\Cocos2dx\TestGame1\Resources\fonts\Marker Felt.ttf">
      <Filter>Resources\fonts</Filter>
    </ClInclude>
    <ClInclude Include="D:\Projects\Cocos2dx\TestGame1\Resources\fonts\arial.ttf">
      <Filter>Resources\fonts</Filter>
    </ClInclude>
    <ClInclude Include="D:\Projects\Cocos2dx\TestGame1\Resources\res\.gitkeep">
      <Filter>Resources\res</Filter>
    </ClInclude>
  </ItemGroup>
  <ItemGroup>
    <CustomBuild Include="D:\Projects\Cocos2dx\TestGame1\CMakeLists.txt" />
  </ItemGroup>
  <ItemGroup>
    <ResourceCompile Include="D:\Projects\Cocos2dx\TestGame1\proj.win32\game.rc">
      <Filter>Source Files\proj.win32</Filter>
    </ResourceCompile>
  </ItemGroup>
  <ItemGroup>
    <Filter Include="Resources">
      <UniqueIdentifier>{681095B2-0DB0-3631-A3DA-19260467DC1D}</UniqueIdentifier>
    </Filter>
    <Filter Include="Resources\Cannon">
      <UniqueIdentifier>{045CC4AC-327D-3FA6-9101-73BA40CF896E}</UniqueIdentifier>
    </Filter>
    <Filter Include="Resources\Dino">
      <UniqueIdentifier>{789029B7-2290-3E0A-B330-DE00A83483E3}</UniqueIdentifier>
    </Filter>
    <Filter Include="Resources\GunBound">
      <UniqueIdentifier>{B24C92EC-1AE5-328A-B4FF-19ECDA471546}</UniqueIdentifier>
    </Filter>
    <Filter Include="Resources\GunBound\Animations">
      <UniqueIdentifier>{2ABEF5A6-06A9-3387-A45E-0A64E5B7B19D}</UniqueIdentifier>
    </Filter>
    <Filter Include="Resources\Hockey">
      <UniqueIdentifier>{B5686327-6088-3BB0-B7C1-F3329C87A6CA}</UniqueIdentifier>
    </Filter>
    <Filter Include="Resources\UI">
      <UniqueIdentifier>{1D093A2F-A21E-34A9-98D1-88AA6EB0CEA2}</UniqueIdentifier>
    </Filter>
    <Filter Include="Resources\fonts">
      <UniqueIdentifier>{1AF88857-954B-36FF-9BB6-7152666F14F7}</UniqueIdentifier>
    </Filter>
    <Filter Include="Resources\res">
      <UniqueIdentifier>{54995601-D9D7-3A93-B4CC-449869CD080B}</UniqueIdentifier>
    </Filter>
    <Filter Include="Source Files">
      <UniqueIdentifier>{A6286DD0-469B-3021-A04E-A4101F9476F7}</UniqueIdentifier>
    </Filter>
    <Filter Include="Source Files\Classes">
      <UniqueIdentifier>{12E40912-90DB-338E-A66E-41483419EC57}</UniqueIdentifier>
    </Filter>
    <Filter Include="Source Files\Classes\EarCut">
      <UniqueIdentifier>{B2D47533-39B8-3566-ADBF-77E41CBD669F}</UniqueIdentifier>
    </Filter>
    <Filter Include="Source Files\Classes\GunBound">
      <UniqueIdentifier>{48182B51-57E5-33DC-AA45-4158770AA57F}</UniqueIdentifier>
    </Filter>
    <Filter Include="Source Files\Classes\Hockey">
      <UniqueIdentifier>{39F670B9-D946-3934-BCFF-5A43F88AF4FB}</UniqueIdentifier>
    </Filter>
    <Filter Include="Source Files\proj.win32">
      <UniqueIdentifier>{F8E482E0-BD56-3468-A3B8-6681A0F7B32C}</UniqueIdentifier>
    </Filter>
  </ItemGroup>
</Project>
