
Microsoft Visual Studio Solution File, Format Version 12.00
# Visual Studio 16
Project("{2150E333-8FDC-42A3-9474-1A3956D46DE8}") = "CMakePredefinedTargets", "CMakePredefinedTargets", "{6416BE14-7F32-3E03-8026-851D252C50A6}"
EndProject
Project("{2150E333-8FDC-42A3-9474-1A3956D46DE8}") = "External", "External", "{58C75060-8BB1-30AA-87B1-01D5A2291088}"
EndProject
Project("{2150E333-8FDC-42A3-9474-1A3956D46DE8}") = "Internal", "Internal", "{55CAE43E-C2CD-36E9-BB26-BE32EB686EF8}"
EndProject
Project("{8BC9CEB8-8B4A-11D0-8D11-00A0C91BC942}") = "ALL_BUILD", "ALL_BUILD.vcxproj", "{039238E8-25B4-383A-9063-C152CC2DDC01}"
	ProjectSection(ProjectDependencies) = postProject
		{B8D2886F-0CD7-36BF-85AC-DDD51F7397C9} = {B8D2886F-0CD7-36BF-85AC-DDD51F7397C9}
		{98E5E8CC-2080-3216-BF4E-014BCBF75827} = {98E5E8CC-2080-3216-BF4E-014BCBF75827}
		{9F8E2B9F-8C47-3FEC-87D0-9B9C4C8706DE} = {9F8E2B9F-8C47-3FEC-87D0-9B9C4C8706DE}
		{C22D2BB7-67BB-329C-90F4-449482936E47} = {C22D2BB7-67BB-329C-90F4-449482936E47}
		{51A139E4-B51F-3478-A23D-C8574835D668} = {51A139E4-B51F-3478-A23D-C8574835D668}
		{BCEEA221-20A9-3473-B15C-E798BE56FA92} = {BCEEA221-20A9-3473-B15C-E798BE56FA92}
		{E0A31184-0D3D-3320-9A9E-5EFC8F2D2A7B} = {E0A31184-0D3D-3320-9A9E-5EFC8F2D2A7B}
		{B3DB0766-26A6-3544-92E0-C7D860786706} = {B3DB0766-26A6-3544-92E0-C7D860786706}
		{C5719D55-F183-3691-B816-80E302A58415} = {C5719D55-F183-3691-B816-80E302A58415}
		{A53F7846-1B2C-3359-97C5-BCF3E1D4234D} = {A53F7846-1B2C-3359-97C5-BCF3E1D4234D}
		{834DF510-2267-3BD4-9543-AF86AF3CA5FE} = {834DF510-2267-3BD4-9543-AF86AF3CA5FE}
		{94A0E9A6-E102-33D0-AB68-EAF5677341E8} = {94A0E9A6-E102-33D0-AB68-EAF5677341E8}
		{EDA953E7-2BAE-3F1B-9D3A-E8736F605F35} = {EDA953E7-2BAE-3F1B-9D3A-E8736F605F35}
	EndProjectSection
EndProject
Project("{8BC9CEB8-8B4A-11D0-8D11-00A0C91BC942}") = "ZERO_CHECK", "..\..\..\\ZERO_CHECK.vcxproj", "{B8D2886F-0CD7-36BF-85AC-DDD51F7397C9}"
	ProjectSection(ProjectDependencies) = postProject
	EndProjectSection
EndProject
Project("{8BC9CEB8-8B4A-11D0-8D11-00A0C91BC942}") = "cocos2d", "cocos2d.vcxproj", "{98E5E8CC-2080-3216-BF4E-014BCBF75827}"
	ProjectSection(ProjectDependencies) = postProject
		{B8D2886F-0CD7-36BF-85AC-DDD51F7397C9} = {B8D2886F-0CD7-36BF-85AC-DDD51F7397C9}
		{9F8E2B9F-8C47-3FEC-87D0-9B9C4C8706DE} = {9F8E2B9F-8C47-3FEC-87D0-9B9C4C8706DE}
		{C22D2BB7-67BB-329C-90F4-449482936E47} = {C22D2BB7-67BB-329C-90F4-449482936E47}
		{51A139E4-B51F-3478-A23D-C8574835D668} = {51A139E4-B51F-3478-A23D-C8574835D668}
		{BCEEA221-20A9-3473-B15C-E798BE56FA92} = {BCEEA221-20A9-3473-B15C-E798BE56FA92}
		{E0A31184-0D3D-3320-9A9E-5EFC8F2D2A7B} = {E0A31184-0D3D-3320-9A9E-5EFC8F2D2A7B}
		{B3DB0766-26A6-3544-92E0-C7D860786706} = {B3DB0766-26A6-3544-92E0-C7D860786706}
		{C5719D55-F183-3691-B816-80E302A58415} = {C5719D55-F183-3691-B816-80E302A58415}
		{A53F7846-1B2C-3359-97C5-BCF3E1D4234D} = {A53F7846-1B2C-3359-97C5-BCF3E1D4234D}
		{834DF510-2267-3BD4-9543-AF86AF3CA5FE} = {834DF510-2267-3BD4-9543-AF86AF3CA5FE}
		{94A0E9A6-E102-33D0-AB68-EAF5677341E8} = {94A0E9A6-E102-33D0-AB68-EAF5677341E8}
		{EDA953E7-2BAE-3F1B-9D3A-E8736F605F35} = {EDA953E7-2BAE-3F1B-9D3A-E8736F605F35}
	EndProjectSection
EndProject
Project("{8BC9CEB8-8B4A-11D0-8D11-00A0C91BC942}") = "ext_clipper", "..\..\external\clipper\ext_clipper.vcxproj", "{9F8E2B9F-8C47-3FEC-87D0-9B9C4C8706DE}"
	ProjectSection(ProjectDependencies) = postProject
		{B8D2886F-0CD7-36BF-85AC-DDD51F7397C9} = {B8D2886F-0CD7-36BF-85AC-DDD51F7397C9}
	EndProjectSection
EndProject
Project("{8BC9CEB8-8B4A-11D0-8D11-00A0C91BC942}") = "ext_convertUTF", "..\..\external\ConvertUTF\ext_convertUTF.vcxproj", "{C22D2BB7-67BB-329C-90F4-449482936E47}"
	ProjectSection(ProjectDependencies) = postProject
		{B8D2886F-0CD7-36BF-85AC-DDD51F7397C9} = {B8D2886F-0CD7-36BF-85AC-DDD51F7397C9}
	EndProjectSection
EndProject
Project("{8BC9CEB8-8B4A-11D0-8D11-00A0C91BC942}") = "ext_edtaa3func", "..\..\external\edtaa3func\ext_edtaa3func.vcxproj", "{51A139E4-B51F-3478-A23D-C8574835D668}"
	ProjectSection(ProjectDependencies) = postProject
		{B8D2886F-0CD7-36BF-85AC-DDD51F7397C9} = {B8D2886F-0CD7-36BF-85AC-DDD51F7397C9}
	EndProjectSection
EndProject
Project("{8BC9CEB8-8B4A-11D0-8D11-00A0C91BC942}") = "ext_md5", "..\..\external\md5\ext_md5.vcxproj", "{BCEEA221-20A9-3473-B15C-E798BE56FA92}"
	ProjectSection(ProjectDependencies) = postProject
		{B8D2886F-0CD7-36BF-85AC-DDD51F7397C9} = {B8D2886F-0CD7-36BF-85AC-DDD51F7397C9}
	EndProjectSection
EndProject
Project("{8BC9CEB8-8B4A-11D0-8D11-00A0C91BC942}") = "ext_poly2tri", "..\..\external\poly2tri\ext_poly2tri.vcxproj", "{E0A31184-0D3D-3320-9A9E-5EFC8F2D2A7B}"
	ProjectSection(ProjectDependencies) = postProject
		{B8D2886F-0CD7-36BF-85AC-DDD51F7397C9} = {B8D2886F-0CD7-36BF-85AC-DDD51F7397C9}
	EndProjectSection
EndProject
Project("{8BC9CEB8-8B4A-11D0-8D11-00A0C91BC942}") = "ext_recast", "..\..\external\recast\ext_recast.vcxproj", "{B3DB0766-26A6-3544-92E0-C7D860786706}"
	ProjectSection(ProjectDependencies) = postProject
		{B8D2886F-0CD7-36BF-85AC-DDD51F7397C9} = {B8D2886F-0CD7-36BF-85AC-DDD51F7397C9}
	EndProjectSection
EndProject
Project("{8BC9CEB8-8B4A-11D0-8D11-00A0C91BC942}") = "ext_tinyxml2", "..\..\external\tinyxml2\ext_tinyxml2.vcxproj", "{C5719D55-F183-3691-B816-80E302A58415}"
	ProjectSection(ProjectDependencies) = postProject
		{B8D2886F-0CD7-36BF-85AC-DDD51F7397C9} = {B8D2886F-0CD7-36BF-85AC-DDD51F7397C9}
	EndProjectSection
EndProject
Project("{8BC9CEB8-8B4A-11D0-8D11-00A0C91BC942}") = "ext_unzip", "..\..\external\unzip\ext_unzip.vcxproj", "{A53F7846-1B2C-3359-97C5-BCF3E1D4234D}"
	ProjectSection(ProjectDependencies) = postProject
		{B8D2886F-0CD7-36BF-85AC-DDD51F7397C9} = {B8D2886F-0CD7-36BF-85AC-DDD51F7397C9}
	EndProjectSection
EndProject
Project("{8BC9CEB8-8B4A-11D0-8D11-00A0C91BC942}") = "ext_xxhash", "..\..\external\xxhash\ext_xxhash.vcxproj", "{834DF510-2267-3BD4-9543-AF86AF3CA5FE}"
	ProjectSection(ProjectDependencies) = postProject
		{B8D2886F-0CD7-36BF-85AC-DDD51F7397C9} = {B8D2886F-0CD7-36BF-85AC-DDD51F7397C9}
	EndProjectSection
EndProject
Project("{8BC9CEB8-8B4A-11D0-8D11-00A0C91BC942}") = "ext_xxtea", "..\..\external\xxtea\ext_xxtea.vcxproj", "{94A0E9A6-E102-33D0-AB68-EAF5677341E8}"
	ProjectSection(ProjectDependencies) = postProject
		{B8D2886F-0CD7-36BF-85AC-DDD51F7397C9} = {B8D2886F-0CD7-36BF-85AC-DDD51F7397C9}
	EndProjectSection
EndProject
Project("{8BC9CEB8-8B4A-11D0-8D11-00A0C91BC942}") = "external", "..\..\external\external.vcxproj", "{EDA953E7-2BAE-3F1B-9D3A-E8736F605F35}"
	ProjectSection(ProjectDependencies) = postProject
		{B8D2886F-0CD7-36BF-85AC-DDD51F7397C9} = {B8D2886F-0CD7-36BF-85AC-DDD51F7397C9}
		{9F8E2B9F-8C47-3FEC-87D0-9B9C4C8706DE} = {9F8E2B9F-8C47-3FEC-87D0-9B9C4C8706DE}
		{C22D2BB7-67BB-329C-90F4-449482936E47} = {C22D2BB7-67BB-329C-90F4-449482936E47}
		{51A139E4-B51F-3478-A23D-C8574835D668} = {51A139E4-B51F-3478-A23D-C8574835D668}
		{BCEEA221-20A9-3473-B15C-E798BE56FA92} = {BCEEA221-20A9-3473-B15C-E798BE56FA92}
		{E0A31184-0D3D-3320-9A9E-5EFC8F2D2A7B} = {E0A31184-0D3D-3320-9A9E-5EFC8F2D2A7B}
		{B3DB0766-26A6-3544-92E0-C7D860786706} = {B3DB0766-26A6-3544-92E0-C7D860786706}
		{C5719D55-F183-3691-B816-80E302A58415} = {C5719D55-F183-3691-B816-80E302A58415}
		{A53F7846-1B2C-3359-97C5-BCF3E1D4234D} = {A53F7846-1B2C-3359-97C5-BCF3E1D4234D}
		{834DF510-2267-3BD4-9543-AF86AF3CA5FE} = {834DF510-2267-3BD4-9543-AF86AF3CA5FE}
		{94A0E9A6-E102-33D0-AB68-EAF5677341E8} = {94A0E9A6-E102-33D0-AB68-EAF5677341E8}
	EndProjectSection
EndProject
Global
	GlobalSection(SolutionConfigurationPlatforms) = preSolution
		Debug|win32 = Debug|win32
		Release|win32 = Release|win32
		MinSizeRel|win32 = MinSizeRel|win32
		RelWithDebInfo|win32 = RelWithDebInfo|win32
	EndGlobalSection
	GlobalSection(ProjectConfigurationPlatforms) = postSolution
		{039238E8-25B4-383A-9063-C152CC2DDC01}.Debug|win32.ActiveCfg = Debug|win32
		{039238E8-25B4-383A-9063-C152CC2DDC01}.Release|win32.ActiveCfg = Release|win32
		{039238E8-25B4-383A-9063-C152CC2DDC01}.MinSizeRel|win32.ActiveCfg = MinSizeRel|win32
		{039238E8-25B4-383A-9063-C152CC2DDC01}.RelWithDebInfo|win32.ActiveCfg = RelWithDebInfo|win32
		{B8D2886F-0CD7-36BF-85AC-DDD51F7397C9}.Debug|win32.ActiveCfg = Debug|win32
		{B8D2886F-0CD7-36BF-85AC-DDD51F7397C9}.Debug|win32.Build.0 = Debug|win32
		{B8D2886F-0CD7-36BF-85AC-DDD51F7397C9}.Release|win32.ActiveCfg = Release|win32
		{B8D2886F-0CD7-36BF-85AC-DDD51F7397C9}.Release|win32.Build.0 = Release|win32
		{B8D2886F-0CD7-36BF-85AC-DDD51F7397C9}.MinSizeRel|win32.ActiveCfg = MinSizeRel|win32
		{B8D2886F-0CD7-36BF-85AC-DDD51F7397C9}.MinSizeRel|win32.Build.0 = MinSizeRel|win32
		{B8D2886F-0CD7-36BF-85AC-DDD51F7397C9}.RelWithDebInfo|win32.ActiveCfg = RelWithDebInfo|win32
		{B8D2886F-0CD7-36BF-85AC-DDD51F7397C9}.RelWithDebInfo|win32.Build.0 = RelWithDebInfo|win32
		{98E5E8CC-2080-3216-BF4E-014BCBF75827}.Debug|win32.ActiveCfg = Debug|win32
		{98E5E8CC-2080-3216-BF4E-014BCBF75827}.Debug|win32.Build.0 = Debug|win32
		{98E5E8CC-2080-3216-BF4E-014BCBF75827}.Release|win32.ActiveCfg = Release|win32
		{98E5E8CC-2080-3216-BF4E-014BCBF75827}.Release|win32.Build.0 = Release|win32
		{98E5E8CC-2080-3216-BF4E-014BCBF75827}.MinSizeRel|win32.ActiveCfg = MinSizeRel|win32
		{98E5E8CC-2080-3216-BF4E-014BCBF75827}.MinSizeRel|win32.Build.0 = MinSizeRel|win32
		{98E5E8CC-2080-3216-BF4E-014BCBF75827}.RelWithDebInfo|win32.ActiveCfg = RelWithDebInfo|win32
		{98E5E8CC-2080-3216-BF4E-014BCBF75827}.RelWithDebInfo|win32.Build.0 = RelWithDebInfo|win32
		{9F8E2B9F-8C47-3FEC-87D0-9B9C4C8706DE}.Debug|win32.ActiveCfg = Debug|win32
		{9F8E2B9F-8C47-3FEC-87D0-9B9C4C8706DE}.Debug|win32.Build.0 = Debug|win32
		{9F8E2B9F-8C47-3FEC-87D0-9B9C4C8706DE}.Release|win32.ActiveCfg = Release|win32
		{9F8E2B9F-8C47-3FEC-87D0-9B9C4C8706DE}.Release|win32.Build.0 = Release|win32
		{9F8E2B9F-8C47-3FEC-87D0-9B9C4C8706DE}.MinSizeRel|win32.ActiveCfg = MinSizeRel|win32
		{9F8E2B9F-8C47-3FEC-87D0-9B9C4C8706DE}.MinSizeRel|win32.Build.0 = MinSizeRel|win32
		{9F8E2B9F-8C47-3FEC-87D0-9B9C4C8706DE}.RelWithDebInfo|win32.ActiveCfg = RelWithDebInfo|win32
		{9F8E2B9F-8C47-3FEC-87D0-9B9C4C8706DE}.RelWithDebInfo|win32.Build.0 = RelWithDebInfo|win32
		{C22D2BB7-67BB-329C-90F4-449482936E47}.Debug|win32.ActiveCfg = Debug|win32
		{C22D2BB7-67BB-329C-90F4-449482936E47}.Debug|win32.Build.0 = Debug|win32
		{C22D2BB7-67BB-329C-90F4-449482936E47}.Release|win32.ActiveCfg = Release|win32
		{C22D2BB7-67BB-329C-90F4-449482936E47}.Release|win32.Build.0 = Release|win32
		{C22D2BB7-67BB-329C-90F4-449482936E47}.MinSizeRel|win32.ActiveCfg = MinSizeRel|win32
		{C22D2BB7-67BB-329C-90F4-449482936E47}.MinSizeRel|win32.Build.0 = MinSizeRel|win32
		{C22D2BB7-67BB-329C-90F4-449482936E47}.RelWithDebInfo|win32.ActiveCfg = RelWithDebInfo|win32
		{C22D2BB7-67BB-329C-90F4-449482936E47}.RelWithDebInfo|win32.Build.0 = RelWithDebInfo|win32
		{51A139E4-B51F-3478-A23D-C8574835D668}.Debug|win32.ActiveCfg = Debug|win32
		{51A139E4-B51F-3478-A23D-C8574835D668}.Debug|win32.Build.0 = Debug|win32
		{51A139E4-B51F-3478-A23D-C8574835D668}.Release|win32.ActiveCfg = Release|win32
		{51A139E4-B51F-3478-A23D-C8574835D668}.Release|win32.Build.0 = Release|win32
		{51A139E4-B51F-3478-A23D-C8574835D668}.MinSizeRel|win32.ActiveCfg = MinSizeRel|win32
		{51A139E4-B51F-3478-A23D-C8574835D668}.MinSizeRel|win32.Build.0 = MinSizeRel|win32
		{51A139E4-B51F-3478-A23D-C8574835D668}.RelWithDebInfo|win32.ActiveCfg = RelWithDebInfo|win32
		{51A139E4-B51F-3478-A23D-C8574835D668}.RelWithDebInfo|win32.Build.0 = RelWithDebInfo|win32
		{BCEEA221-20A9-3473-B15C-E798BE56FA92}.Debug|win32.ActiveCfg = Debug|win32
		{BCEEA221-20A9-3473-B15C-E798BE56FA92}.Debug|win32.Build.0 = Debug|win32
		{BCEEA221-20A9-3473-B15C-E798BE56FA92}.Release|win32.ActiveCfg = Release|win32
		{BCEEA221-20A9-3473-B15C-E798BE56FA92}.Release|win32.Build.0 = Release|win32
		{BCEEA221-20A9-3473-B15C-E798BE56FA92}.MinSizeRel|win32.ActiveCfg = MinSizeRel|win32
		{BCEEA221-20A9-3473-B15C-E798BE56FA92}.MinSizeRel|win32.Build.0 = MinSizeRel|win32
		{BCEEA221-20A9-3473-B15C-E798BE56FA92}.RelWithDebInfo|win32.ActiveCfg = RelWithDebInfo|win32
		{BCEEA221-20A9-3473-B15C-E798BE56FA92}.RelWithDebInfo|win32.Build.0 = RelWithDebInfo|win32
		{E0A31184-0D3D-3320-9A9E-5EFC8F2D2A7B}.Debug|win32.ActiveCfg = Debug|win32
		{E0A31184-0D3D-3320-9A9E-5EFC8F2D2A7B}.Debug|win32.Build.0 = Debug|win32
		{E0A31184-0D3D-3320-9A9E-5EFC8F2D2A7B}.Release|win32.ActiveCfg = Release|win32
		{E0A31184-0D3D-3320-9A9E-5EFC8F2D2A7B}.Release|win32.Build.0 = Release|win32
		{E0A31184-0D3D-3320-9A9E-5EFC8F2D2A7B}.MinSizeRel|win32.ActiveCfg = MinSizeRel|win32
		{E0A31184-0D3D-3320-9A9E-5EFC8F2D2A7B}.MinSizeRel|win32.Build.0 = MinSizeRel|win32
		{E0A31184-0D3D-3320-9A9E-5EFC8F2D2A7B}.RelWithDebInfo|win32.ActiveCfg = RelWithDebInfo|win32
		{E0A31184-0D3D-3320-9A9E-5EFC8F2D2A7B}.RelWithDebInfo|win32.Build.0 = RelWithDebInfo|win32
		{B3DB0766-26A6-3544-92E0-C7D860786706}.Debug|win32.ActiveCfg = Debug|win32
		{B3DB0766-26A6-3544-92E0-C7D860786706}.Debug|win32.Build.0 = Debug|win32
		{B3DB0766-26A6-3544-92E0-C7D860786706}.Release|win32.ActiveCfg = Release|win32
		{B3DB0766-26A6-3544-92E0-C7D860786706}.Release|win32.Build.0 = Release|win32
		{B3DB0766-26A6-3544-92E0-C7D860786706}.MinSizeRel|win32.ActiveCfg = MinSizeRel|win32
		{B3DB0766-26A6-3544-92E0-C7D860786706}.MinSizeRel|win32.Build.0 = MinSizeRel|win32
		{B3DB0766-26A6-3544-92E0-C7D860786706}.RelWithDebInfo|win32.ActiveCfg = RelWithDebInfo|win32
		{B3DB0766-26A6-3544-92E0-C7D860786706}.RelWithDebInfo|win32.Build.0 = RelWithDebInfo|win32
		{C5719D55-F183-3691-B816-80E302A58415}.Debug|win32.ActiveCfg = Debug|win32
		{C5719D55-F183-3691-B816-80E302A58415}.Debug|win32.Build.0 = Debug|win32
		{C5719D55-F183-3691-B816-80E302A58415}.Release|win32.ActiveCfg = Release|win32
		{C5719D55-F183-3691-B816-80E302A58415}.Release|win32.Build.0 = Release|win32
		{C5719D55-F183-3691-B816-80E302A58415}.MinSizeRel|win32.ActiveCfg = MinSizeRel|win32
		{C5719D55-F183-3691-B816-80E302A58415}.MinSizeRel|win32.Build.0 = MinSizeRel|win32
		{C5719D55-F183-3691-B816-80E302A58415}.RelWithDebInfo|win32.ActiveCfg = RelWithDebInfo|win32
		{C5719D55-F183-3691-B816-80E302A58415}.RelWithDebInfo|win32.Build.0 = RelWithDebInfo|win32
		{A53F7846-1B2C-3359-97C5-BCF3E1D4234D}.Debug|win32.ActiveCfg = Debug|win32
		{A53F7846-1B2C-3359-97C5-BCF3E1D4234D}.Debug|win32.Build.0 = Debug|win32
		{A53F7846-1B2C-3359-97C5-BCF3E1D4234D}.Release|win32.ActiveCfg = Release|win32
		{A53F7846-1B2C-3359-97C5-BCF3E1D4234D}.Release|win32.Build.0 = Release|win32
		{A53F7846-1B2C-3359-97C5-BCF3E1D4234D}.MinSizeRel|win32.ActiveCfg = MinSizeRel|win32
		{A53F7846-1B2C-3359-97C5-BCF3E1D4234D}.MinSizeRel|win32.Build.0 = MinSizeRel|win32
		{A53F7846-1B2C-3359-97C5-BCF3E1D4234D}.RelWithDebInfo|win32.ActiveCfg = RelWithDebInfo|win32
		{A53F7846-1B2C-3359-97C5-BCF3E1D4234D}.RelWithDebInfo|win32.Build.0 = RelWithDebInfo|win32
		{834DF510-2267-3BD4-9543-AF86AF3CA5FE}.Debug|win32.ActiveCfg = Debug|win32
		{834DF510-2267-3BD4-9543-AF86AF3CA5FE}.Debug|win32.Build.0 = Debug|win32
		{834DF510-2267-3BD4-9543-AF86AF3CA5FE}.Release|win32.ActiveCfg = Release|win32
		{834DF510-2267-3BD4-9543-AF86AF3CA5FE}.Release|win32.Build.0 = Release|win32
		{834DF510-2267-3BD4-9543-AF86AF3CA5FE}.MinSizeRel|win32.ActiveCfg = MinSizeRel|win32
		{834DF510-2267-3BD4-9543-AF86AF3CA5FE}.MinSizeRel|win32.Build.0 = MinSizeRel|win32
		{834DF510-2267-3BD4-9543-AF86AF3CA5FE}.RelWithDebInfo|win32.ActiveCfg = RelWithDebInfo|win32
		{834DF510-2267-3BD4-9543-AF86AF3CA5FE}.RelWithDebInfo|win32.Build.0 = RelWithDebInfo|win32
		{94A0E9A6-E102-33D0-AB68-EAF5677341E8}.Debug|win32.ActiveCfg = Debug|win32
		{94A0E9A6-E102-33D0-AB68-EAF5677341E8}.Debug|win32.Build.0 = Debug|win32
		{94A0E9A6-E102-33D0-AB68-EAF5677341E8}.Release|win32.ActiveCfg = Release|win32
		{94A0E9A6-E102-33D0-AB68-EAF5677341E8}.Release|win32.Build.0 = Release|win32
		{94A0E9A6-E102-33D0-AB68-EAF5677341E8}.MinSizeRel|win32.ActiveCfg = MinSizeRel|win32
		{94A0E9A6-E102-33D0-AB68-EAF5677341E8}.MinSizeRel|win32.Build.0 = MinSizeRel|win32
		{94A0E9A6-E102-33D0-AB68-EAF5677341E8}.RelWithDebInfo|win32.ActiveCfg = RelWithDebInfo|win32
		{94A0E9A6-E102-33D0-AB68-EAF5677341E8}.RelWithDebInfo|win32.Build.0 = RelWithDebInfo|win32
		{EDA953E7-2BAE-3F1B-9D3A-E8736F605F35}.Debug|win32.ActiveCfg = Debug|win32
		{EDA953E7-2BAE-3F1B-9D3A-E8736F605F35}.Debug|win32.Build.0 = Debug|win32
		{EDA953E7-2BAE-3F1B-9D3A-E8736F605F35}.Release|win32.ActiveCfg = Release|win32
		{EDA953E7-2BAE-3F1B-9D3A-E8736F605F35}.Release|win32.Build.0 = Release|win32
		{EDA953E7-2BAE-3F1B-9D3A-E8736F605F35}.MinSizeRel|win32.ActiveCfg = MinSizeRel|win32
		{EDA953E7-2BAE-3F1B-9D3A-E8736F605F35}.MinSizeRel|win32.Build.0 = MinSizeRel|win32
		{EDA953E7-2BAE-3F1B-9D3A-E8736F605F35}.RelWithDebInfo|win32.ActiveCfg = RelWithDebInfo|win32
		{EDA953E7-2BAE-3F1B-9D3A-E8736F605F35}.RelWithDebInfo|win32.Build.0 = RelWithDebInfo|win32
	EndGlobalSection
	GlobalSection(NestedProjects) = preSolution
		{039238E8-25B4-383A-9063-C152CC2DDC01} = {6416BE14-7F32-3E03-8026-851D252C50A6}
		{B8D2886F-0CD7-36BF-85AC-DDD51F7397C9} = {6416BE14-7F32-3E03-8026-851D252C50A6}
		{9F8E2B9F-8C47-3FEC-87D0-9B9C4C8706DE} = {58C75060-8BB1-30AA-87B1-01D5A2291088}
		{C22D2BB7-67BB-329C-90F4-449482936E47} = {58C75060-8BB1-30AA-87B1-01D5A2291088}
		{51A139E4-B51F-3478-A23D-C8574835D668} = {58C75060-8BB1-30AA-87B1-01D5A2291088}
		{BCEEA221-20A9-3473-B15C-E798BE56FA92} = {58C75060-8BB1-30AA-87B1-01D5A2291088}
		{E0A31184-0D3D-3320-9A9E-5EFC8F2D2A7B} = {58C75060-8BB1-30AA-87B1-01D5A2291088}
		{B3DB0766-26A6-3544-92E0-C7D860786706} = {58C75060-8BB1-30AA-87B1-01D5A2291088}
		{C5719D55-F183-3691-B816-80E302A58415} = {58C75060-8BB1-30AA-87B1-01D5A2291088}
		{A53F7846-1B2C-3359-97C5-BCF3E1D4234D} = {58C75060-8BB1-30AA-87B1-01D5A2291088}
		{834DF510-2267-3BD4-9543-AF86AF3CA5FE} = {58C75060-8BB1-30AA-87B1-01D5A2291088}
		{94A0E9A6-E102-33D0-AB68-EAF5677341E8} = {58C75060-8BB1-30AA-87B1-01D5A2291088}
		{EDA953E7-2BAE-3F1B-9D3A-E8736F605F35} = {58C75060-8BB1-30AA-87B1-01D5A2291088}
		{98E5E8CC-2080-3216-BF4E-014BCBF75827} = {55CAE43E-C2CD-36E9-BB26-BE32EB686EF8}
	EndGlobalSection
	GlobalSection(ExtensibilityGlobals) = postSolution
		SolutionGuid = {CCAE72C6-08C2-3D1D-889D-CD86A058B597}
	EndGlobalSection
	GlobalSection(ExtensibilityAddIns) = postSolution
	EndGlobalSection
EndGlobal
