
Microsoft Visual Studio Solution File, Format Version 12.00
# Visual Studio Version 16
Project("{2150E333-8FDC-42A3-9474-1A3956D46DE8}") = "CMakePredefinedTargets", "CMakePredefinedTargets", "{5D9EDA55-74E7-34A3-A750-2B48F2B36F43}"
EndProject
Project("{2150E333-8FDC-42A3-9474-1A3956D46DE8}") = "External", "External", "{F77E39D9-92EB-3A42-9BFB-D40B80D26A29}"
EndProject
Project("{2150E333-8FDC-42A3-9474-1A3956D46DE8}") = "Internal", "Internal", "{4D72F407-0D0A-3DA8-A917-582FA6003748}"
EndProject
Project("{8BC9CEB8-8B4A-11D0-8D11-00A0C91BC942}") = "ALL_BUILD", "ALL_BUILD.vcxproj", "{4CA97F37-0335-3061-84C4-2D2B8314B4EB}"
	ProjectSection(ProjectDependencies) = postProject
		{97A72F26-17F4-387F-9895-F3BC197AD8AB} = {97A72F26-17F4-387F-9895-F3BC197AD8AB}
		{C3BF5B7C-837E-3EDE-9D79-4894697BD2B0} = {C3BF5B7C-837E-3EDE-9D79-4894697BD2B0}
		{D420F8EE-F1DD-36AE-B313-CEEDD9C8F6A9} = {D420F8EE-F1DD-36AE-B313-CEEDD9C8F6A9}
		{AA55C923-7F11-30D8-A6D8-C87275C140B0} = {AA55C923-7F11-30D8-A6D8-C87275C140B0}
		{86AFF64C-CBDC-315C-BC9D-33D7E9677A5F} = {86AFF64C-CBDC-315C-BC9D-33D7E9677A5F}
		{301FB721-B609-30A9-8F34-41FE63A99F12} = {301FB721-B609-30A9-8F34-41FE63A99F12}
		{802101E3-3A9B-35CA-9FF1-D18D6EFC8520} = {802101E3-3A9B-35CA-9FF1-D18D6EFC8520}
		{F24AC411-F528-3804-A736-888CCAE0F63F} = {F24AC411-F528-3804-A736-888CCAE0F63F}
		{2FCB7830-56E7-328D-A2A0-3225633FB887} = {2FCB7830-56E7-328D-A2A0-3225633FB887}
		{EFE8E713-2F0D-3CDD-B902-02F1E03389B3} = {EFE8E713-2F0D-3CDD-B902-02F1E03389B3}
		{A42E99B8-F4AD-3230-B3DD-2699CEF41C55} = {A42E99B8-F4AD-3230-B3DD-2699CEF41C55}
		{46F1E92D-BE21-3FB1-BE46-35AA6BA0316E} = {46F1E92D-BE21-3FB1-BE46-35AA6BA0316E}
		{D33C4D5F-C260-34A0-BBFB-194F1F2503A8} = {D33C4D5F-C260-34A0-BBFB-194F1F2503A8}
	EndProjectSection
EndProject
Project("{8BC9CEB8-8B4A-11D0-8D11-00A0C91BC942}") = "ZERO_CHECK", "..\..\..\\ZERO_CHECK.vcxproj", "{97A72F26-17F4-387F-9895-F3BC197AD8AB}"
	ProjectSection(ProjectDependencies) = postProject
	EndProjectSection
EndProject
Project("{8BC9CEB8-8B4A-11D0-8D11-00A0C91BC942}") = "cocos2d", "cocos2d.vcxproj", "{C3BF5B7C-837E-3EDE-9D79-4894697BD2B0}"
	ProjectSection(ProjectDependencies) = postProject
		{97A72F26-17F4-387F-9895-F3BC197AD8AB} = {97A72F26-17F4-387F-9895-F3BC197AD8AB}
		{D420F8EE-F1DD-36AE-B313-CEEDD9C8F6A9} = {D420F8EE-F1DD-36AE-B313-CEEDD9C8F6A9}
		{AA55C923-7F11-30D8-A6D8-C87275C140B0} = {AA55C923-7F11-30D8-A6D8-C87275C140B0}
		{86AFF64C-CBDC-315C-BC9D-33D7E9677A5F} = {86AFF64C-CBDC-315C-BC9D-33D7E9677A5F}
		{301FB721-B609-30A9-8F34-41FE63A99F12} = {301FB721-B609-30A9-8F34-41FE63A99F12}
		{802101E3-3A9B-35CA-9FF1-D18D6EFC8520} = {802101E3-3A9B-35CA-9FF1-D18D6EFC8520}
		{F24AC411-F528-3804-A736-888CCAE0F63F} = {F24AC411-F528-3804-A736-888CCAE0F63F}
		{2FCB7830-56E7-328D-A2A0-3225633FB887} = {2FCB7830-56E7-328D-A2A0-3225633FB887}
		{EFE8E713-2F0D-3CDD-B902-02F1E03389B3} = {EFE8E713-2F0D-3CDD-B902-02F1E03389B3}
		{A42E99B8-F4AD-3230-B3DD-2699CEF41C55} = {A42E99B8-F4AD-3230-B3DD-2699CEF41C55}
		{46F1E92D-BE21-3FB1-BE46-35AA6BA0316E} = {46F1E92D-BE21-3FB1-BE46-35AA6BA0316E}
		{D33C4D5F-C260-34A0-BBFB-194F1F2503A8} = {D33C4D5F-C260-34A0-BBFB-194F1F2503A8}
	EndProjectSection
EndProject
Project("{8BC9CEB8-8B4A-11D0-8D11-00A0C91BC942}") = "ext_clipper", "..\..\external\clipper\ext_clipper.vcxproj", "{D420F8EE-F1DD-36AE-B313-CEEDD9C8F6A9}"
	ProjectSection(ProjectDependencies) = postProject
		{97A72F26-17F4-387F-9895-F3BC197AD8AB} = {97A72F26-17F4-387F-9895-F3BC197AD8AB}
	EndProjectSection
EndProject
Project("{8BC9CEB8-8B4A-11D0-8D11-00A0C91BC942}") = "ext_convertUTF", "..\..\external\ConvertUTF\ext_convertUTF.vcxproj", "{AA55C923-7F11-30D8-A6D8-C87275C140B0}"
	ProjectSection(ProjectDependencies) = postProject
		{97A72F26-17F4-387F-9895-F3BC197AD8AB} = {97A72F26-17F4-387F-9895-F3BC197AD8AB}
	EndProjectSection
EndProject
Project("{8BC9CEB8-8B4A-11D0-8D11-00A0C91BC942}") = "ext_edtaa3func", "..\..\external\edtaa3func\ext_edtaa3func.vcxproj", "{86AFF64C-CBDC-315C-BC9D-33D7E9677A5F}"
	ProjectSection(ProjectDependencies) = postProject
		{97A72F26-17F4-387F-9895-F3BC197AD8AB} = {97A72F26-17F4-387F-9895-F3BC197AD8AB}
	EndProjectSection
EndProject
Project("{8BC9CEB8-8B4A-11D0-8D11-00A0C91BC942}") = "ext_md5", "..\..\external\md5\ext_md5.vcxproj", "{301FB721-B609-30A9-8F34-41FE63A99F12}"
	ProjectSection(ProjectDependencies) = postProject
		{97A72F26-17F4-387F-9895-F3BC197AD8AB} = {97A72F26-17F4-387F-9895-F3BC197AD8AB}
	EndProjectSection
EndProject
Project("{8BC9CEB8-8B4A-11D0-8D11-00A0C91BC942}") = "ext_poly2tri", "..\..\external\poly2tri\ext_poly2tri.vcxproj", "{802101E3-3A9B-35CA-9FF1-D18D6EFC8520}"
	ProjectSection(ProjectDependencies) = postProject
		{97A72F26-17F4-387F-9895-F3BC197AD8AB} = {97A72F26-17F4-387F-9895-F3BC197AD8AB}
	EndProjectSection
EndProject
Project("{8BC9CEB8-8B4A-11D0-8D11-00A0C91BC942}") = "ext_recast", "..\..\external\recast\ext_recast.vcxproj", "{F24AC411-F528-3804-A736-888CCAE0F63F}"
	ProjectSection(ProjectDependencies) = postProject
		{97A72F26-17F4-387F-9895-F3BC197AD8AB} = {97A72F26-17F4-387F-9895-F3BC197AD8AB}
	EndProjectSection
EndProject
Project("{8BC9CEB8-8B4A-11D0-8D11-00A0C91BC942}") = "ext_tinyxml2", "..\..\external\tinyxml2\ext_tinyxml2.vcxproj", "{2FCB7830-56E7-328D-A2A0-3225633FB887}"
	ProjectSection(ProjectDependencies) = postProject
		{97A72F26-17F4-387F-9895-F3BC197AD8AB} = {97A72F26-17F4-387F-9895-F3BC197AD8AB}
	EndProjectSection
EndProject
Project("{8BC9CEB8-8B4A-11D0-8D11-00A0C91BC942}") = "ext_unzip", "..\..\external\unzip\ext_unzip.vcxproj", "{EFE8E713-2F0D-3CDD-B902-02F1E03389B3}"
	ProjectSection(ProjectDependencies) = postProject
		{97A72F26-17F4-387F-9895-F3BC197AD8AB} = {97A72F26-17F4-387F-9895-F3BC197AD8AB}
	EndProjectSection
EndProject
Project("{8BC9CEB8-8B4A-11D0-8D11-00A0C91BC942}") = "ext_xxhash", "..\..\external\xxhash\ext_xxhash.vcxproj", "{A42E99B8-F4AD-3230-B3DD-2699CEF41C55}"
	ProjectSection(ProjectDependencies) = postProject
		{97A72F26-17F4-387F-9895-F3BC197AD8AB} = {97A72F26-17F4-387F-9895-F3BC197AD8AB}
	EndProjectSection
EndProject
Project("{8BC9CEB8-8B4A-11D0-8D11-00A0C91BC942}") = "ext_xxtea", "..\..\external\xxtea\ext_xxtea.vcxproj", "{46F1E92D-BE21-3FB1-BE46-35AA6BA0316E}"
	ProjectSection(ProjectDependencies) = postProject
		{97A72F26-17F4-387F-9895-F3BC197AD8AB} = {97A72F26-17F4-387F-9895-F3BC197AD8AB}
	EndProjectSection
EndProject
Project("{8BC9CEB8-8B4A-11D0-8D11-00A0C91BC942}") = "external", "..\..\external\external.vcxproj", "{D33C4D5F-C260-34A0-BBFB-194F1F2503A8}"
	ProjectSection(ProjectDependencies) = postProject
		{97A72F26-17F4-387F-9895-F3BC197AD8AB} = {97A72F26-17F4-387F-9895-F3BC197AD8AB}
		{D420F8EE-F1DD-36AE-B313-CEEDD9C8F6A9} = {D420F8EE-F1DD-36AE-B313-CEEDD9C8F6A9}
		{AA55C923-7F11-30D8-A6D8-C87275C140B0} = {AA55C923-7F11-30D8-A6D8-C87275C140B0}
		{86AFF64C-CBDC-315C-BC9D-33D7E9677A5F} = {86AFF64C-CBDC-315C-BC9D-33D7E9677A5F}
		{301FB721-B609-30A9-8F34-41FE63A99F12} = {301FB721-B609-30A9-8F34-41FE63A99F12}
		{802101E3-3A9B-35CA-9FF1-D18D6EFC8520} = {802101E3-3A9B-35CA-9FF1-D18D6EFC8520}
		{F24AC411-F528-3804-A736-888CCAE0F63F} = {F24AC411-F528-3804-A736-888CCAE0F63F}
		{2FCB7830-56E7-328D-A2A0-3225633FB887} = {2FCB7830-56E7-328D-A2A0-3225633FB887}
		{EFE8E713-2F0D-3CDD-B902-02F1E03389B3} = {EFE8E713-2F0D-3CDD-B902-02F1E03389B3}
		{A42E99B8-F4AD-3230-B3DD-2699CEF41C55} = {A42E99B8-F4AD-3230-B3DD-2699CEF41C55}
		{46F1E92D-BE21-3FB1-BE46-35AA6BA0316E} = {46F1E92D-BE21-3FB1-BE46-35AA6BA0316E}
	EndProjectSection
EndProject
Global
	GlobalSection(SolutionConfigurationPlatforms) = preSolution
		Debug|win32 = Debug|win32
		Release|win32 = Release|win32
		MinSizeRel|win32 = MinSizeRel|win32
		RelWithDebInfo|win32 = RelWithDebInfo|win32
	EndGlobalSection
	GlobalSection(ProjectConfigurationPlatforms) = postSolution
		{4CA97F37-0335-3061-84C4-2D2B8314B4EB}.Debug|win32.ActiveCfg = Debug|win32
		{4CA97F37-0335-3061-84C4-2D2B8314B4EB}.Release|win32.ActiveCfg = Release|win32
		{4CA97F37-0335-3061-84C4-2D2B8314B4EB}.MinSizeRel|win32.ActiveCfg = MinSizeRel|win32
		{4CA97F37-0335-3061-84C4-2D2B8314B4EB}.RelWithDebInfo|win32.ActiveCfg = RelWithDebInfo|win32
		{97A72F26-17F4-387F-9895-F3BC197AD8AB}.Debug|win32.ActiveCfg = Debug|win32
		{97A72F26-17F4-387F-9895-F3BC197AD8AB}.Debug|win32.Build.0 = Debug|win32
		{97A72F26-17F4-387F-9895-F3BC197AD8AB}.Release|win32.ActiveCfg = Release|win32
		{97A72F26-17F4-387F-9895-F3BC197AD8AB}.Release|win32.Build.0 = Release|win32
		{97A72F26-17F4-387F-9895-F3BC197AD8AB}.MinSizeRel|win32.ActiveCfg = MinSizeRel|win32
		{97A72F26-17F4-387F-9895-F3BC197AD8AB}.MinSizeRel|win32.Build.0 = MinSizeRel|win32
		{97A72F26-17F4-387F-9895-F3BC197AD8AB}.RelWithDebInfo|win32.ActiveCfg = RelWithDebInfo|win32
		{97A72F26-17F4-387F-9895-F3BC197AD8AB}.RelWithDebInfo|win32.Build.0 = RelWithDebInfo|win32
		{C3BF5B7C-837E-3EDE-9D79-4894697BD2B0}.Debug|win32.ActiveCfg = Debug|win32
		{C3BF5B7C-837E-3EDE-9D79-4894697BD2B0}.Debug|win32.Build.0 = Debug|win32
		{C3BF5B7C-837E-3EDE-9D79-4894697BD2B0}.Release|win32.ActiveCfg = Release|win32
		{C3BF5B7C-837E-3EDE-9D79-4894697BD2B0}.Release|win32.Build.0 = Release|win32
		{C3BF5B7C-837E-3EDE-9D79-4894697BD2B0}.MinSizeRel|win32.ActiveCfg = MinSizeRel|win32
		{C3BF5B7C-837E-3EDE-9D79-4894697BD2B0}.MinSizeRel|win32.Build.0 = MinSizeRel|win32
		{C3BF5B7C-837E-3EDE-9D79-4894697BD2B0}.RelWithDebInfo|win32.ActiveCfg = RelWithDebInfo|win32
		{C3BF5B7C-837E-3EDE-9D79-4894697BD2B0}.RelWithDebInfo|win32.Build.0 = RelWithDebInfo|win32
		{D420F8EE-F1DD-36AE-B313-CEEDD9C8F6A9}.Debug|win32.ActiveCfg = Debug|win32
		{D420F8EE-F1DD-36AE-B313-CEEDD9C8F6A9}.Debug|win32.Build.0 = Debug|win32
		{D420F8EE-F1DD-36AE-B313-CEEDD9C8F6A9}.Release|win32.ActiveCfg = Release|win32
		{D420F8EE-F1DD-36AE-B313-CEEDD9C8F6A9}.Release|win32.Build.0 = Release|win32
		{D420F8EE-F1DD-36AE-B313-CEEDD9C8F6A9}.MinSizeRel|win32.ActiveCfg = MinSizeRel|win32
		{D420F8EE-F1DD-36AE-B313-CEEDD9C8F6A9}.MinSizeRel|win32.Build.0 = MinSizeRel|win32
		{D420F8EE-F1DD-36AE-B313-CEEDD9C8F6A9}.RelWithDebInfo|win32.ActiveCfg = RelWithDebInfo|win32
		{D420F8EE-F1DD-36AE-B313-CEEDD9C8F6A9}.RelWithDebInfo|win32.Build.0 = RelWithDebInfo|win32
		{AA55C923-7F11-30D8-A6D8-C87275C140B0}.Debug|win32.ActiveCfg = Debug|win32
		{AA55C923-7F11-30D8-A6D8-C87275C140B0}.Debug|win32.Build.0 = Debug|win32
		{AA55C923-7F11-30D8-A6D8-C87275C140B0}.Release|win32.ActiveCfg = Release|win32
		{AA55C923-7F11-30D8-A6D8-C87275C140B0}.Release|win32.Build.0 = Release|win32
		{AA55C923-7F11-30D8-A6D8-C87275C140B0}.MinSizeRel|win32.ActiveCfg = MinSizeRel|win32
		{AA55C923-7F11-30D8-A6D8-C87275C140B0}.MinSizeRel|win32.Build.0 = MinSizeRel|win32
		{AA55C923-7F11-30D8-A6D8-C87275C140B0}.RelWithDebInfo|win32.ActiveCfg = RelWithDebInfo|win32
		{AA55C923-7F11-30D8-A6D8-C87275C140B0}.RelWithDebInfo|win32.Build.0 = RelWithDebInfo|win32
		{86AFF64C-CBDC-315C-BC9D-33D7E9677A5F}.Debug|win32.ActiveCfg = Debug|win32
		{86AFF64C-CBDC-315C-BC9D-33D7E9677A5F}.Debug|win32.Build.0 = Debug|win32
		{86AFF64C-CBDC-315C-BC9D-33D7E9677A5F}.Release|win32.ActiveCfg = Release|win32
		{86AFF64C-CBDC-315C-BC9D-33D7E9677A5F}.Release|win32.Build.0 = Release|win32
		{86AFF64C-CBDC-315C-BC9D-33D7E9677A5F}.MinSizeRel|win32.ActiveCfg = MinSizeRel|win32
		{86AFF64C-CBDC-315C-BC9D-33D7E9677A5F}.MinSizeRel|win32.Build.0 = MinSizeRel|win32
		{86AFF64C-CBDC-315C-BC9D-33D7E9677A5F}.RelWithDebInfo|win32.ActiveCfg = RelWithDebInfo|win32
		{86AFF64C-CBDC-315C-BC9D-33D7E9677A5F}.RelWithDebInfo|win32.Build.0 = RelWithDebInfo|win32
		{301FB721-B609-30A9-8F34-41FE63A99F12}.Debug|win32.ActiveCfg = Debug|win32
		{301FB721-B609-30A9-8F34-41FE63A99F12}.Debug|win32.Build.0 = Debug|win32
		{301FB721-B609-30A9-8F34-41FE63A99F12}.Release|win32.ActiveCfg = Release|win32
		{301FB721-B609-30A9-8F34-41FE63A99F12}.Release|win32.Build.0 = Release|win32
		{301FB721-B609-30A9-8F34-41FE63A99F12}.MinSizeRel|win32.ActiveCfg = MinSizeRel|win32
		{301FB721-B609-30A9-8F34-41FE63A99F12}.MinSizeRel|win32.Build.0 = MinSizeRel|win32
		{301FB721-B609-30A9-8F34-41FE63A99F12}.RelWithDebInfo|win32.ActiveCfg = RelWithDebInfo|win32
		{301FB721-B609-30A9-8F34-41FE63A99F12}.RelWithDebInfo|win32.Build.0 = RelWithDebInfo|win32
		{802101E3-3A9B-35CA-9FF1-D18D6EFC8520}.Debug|win32.ActiveCfg = Debug|win32
		{802101E3-3A9B-35CA-9FF1-D18D6EFC8520}.Debug|win32.Build.0 = Debug|win32
		{802101E3-3A9B-35CA-9FF1-D18D6EFC8520}.Release|win32.ActiveCfg = Release|win32
		{802101E3-3A9B-35CA-9FF1-D18D6EFC8520}.Release|win32.Build.0 = Release|win32
		{802101E3-3A9B-35CA-9FF1-D18D6EFC8520}.MinSizeRel|win32.ActiveCfg = MinSizeRel|win32
		{802101E3-3A9B-35CA-9FF1-D18D6EFC8520}.MinSizeRel|win32.Build.0 = MinSizeRel|win32
		{802101E3-3A9B-35CA-9FF1-D18D6EFC8520}.RelWithDebInfo|win32.ActiveCfg = RelWithDebInfo|win32
		{802101E3-3A9B-35CA-9FF1-D18D6EFC8520}.RelWithDebInfo|win32.Build.0 = RelWithDebInfo|win32
		{F24AC411-F528-3804-A736-888CCAE0F63F}.Debug|win32.ActiveCfg = Debug|win32
		{F24AC411-F528-3804-A736-888CCAE0F63F}.Debug|win32.Build.0 = Debug|win32
		{F24AC411-F528-3804-A736-888CCAE0F63F}.Release|win32.ActiveCfg = Release|win32
		{F24AC411-F528-3804-A736-888CCAE0F63F}.Release|win32.Build.0 = Release|win32
		{F24AC411-F528-3804-A736-888CCAE0F63F}.MinSizeRel|win32.ActiveCfg = MinSizeRel|win32
		{F24AC411-F528-3804-A736-888CCAE0F63F}.MinSizeRel|win32.Build.0 = MinSizeRel|win32
		{F24AC411-F528-3804-A736-888CCAE0F63F}.RelWithDebInfo|win32.ActiveCfg = RelWithDebInfo|win32
		{F24AC411-F528-3804-A736-888CCAE0F63F}.RelWithDebInfo|win32.Build.0 = RelWithDebInfo|win32
		{2FCB7830-56E7-328D-A2A0-3225633FB887}.Debug|win32.ActiveCfg = Debug|win32
		{2FCB7830-56E7-328D-A2A0-3225633FB887}.Debug|win32.Build.0 = Debug|win32
		{2FCB7830-56E7-328D-A2A0-3225633FB887}.Release|win32.ActiveCfg = Release|win32
		{2FCB7830-56E7-328D-A2A0-3225633FB887}.Release|win32.Build.0 = Release|win32
		{2FCB7830-56E7-328D-A2A0-3225633FB887}.MinSizeRel|win32.ActiveCfg = MinSizeRel|win32
		{2FCB7830-56E7-328D-A2A0-3225633FB887}.MinSizeRel|win32.Build.0 = MinSizeRel|win32
		{2FCB7830-56E7-328D-A2A0-3225633FB887}.RelWithDebInfo|win32.ActiveCfg = RelWithDebInfo|win32
		{2FCB7830-56E7-328D-A2A0-3225633FB887}.RelWithDebInfo|win32.Build.0 = RelWithDebInfo|win32
		{EFE8E713-2F0D-3CDD-B902-02F1E03389B3}.Debug|win32.ActiveCfg = Debug|win32
		{EFE8E713-2F0D-3CDD-B902-02F1E03389B3}.Debug|win32.Build.0 = Debug|win32
		{EFE8E713-2F0D-3CDD-B902-02F1E03389B3}.Release|win32.ActiveCfg = Release|win32
		{EFE8E713-2F0D-3CDD-B902-02F1E03389B3}.Release|win32.Build.0 = Release|win32
		{EFE8E713-2F0D-3CDD-B902-02F1E03389B3}.MinSizeRel|win32.ActiveCfg = MinSizeRel|win32
		{EFE8E713-2F0D-3CDD-B902-02F1E03389B3}.MinSizeRel|win32.Build.0 = MinSizeRel|win32
		{EFE8E713-2F0D-3CDD-B902-02F1E03389B3}.RelWithDebInfo|win32.ActiveCfg = RelWithDebInfo|win32
		{EFE8E713-2F0D-3CDD-B902-02F1E03389B3}.RelWithDebInfo|win32.Build.0 = RelWithDebInfo|win32
		{A42E99B8-F4AD-3230-B3DD-2699CEF41C55}.Debug|win32.ActiveCfg = Debug|win32
		{A42E99B8-F4AD-3230-B3DD-2699CEF41C55}.Debug|win32.Build.0 = Debug|win32
		{A42E99B8-F4AD-3230-B3DD-2699CEF41C55}.Release|win32.ActiveCfg = Release|win32
		{A42E99B8-F4AD-3230-B3DD-2699CEF41C55}.Release|win32.Build.0 = Release|win32
		{A42E99B8-F4AD-3230-B3DD-2699CEF41C55}.MinSizeRel|win32.ActiveCfg = MinSizeRel|win32
		{A42E99B8-F4AD-3230-B3DD-2699CEF41C55}.MinSizeRel|win32.Build.0 = MinSizeRel|win32
		{A42E99B8-F4AD-3230-B3DD-2699CEF41C55}.RelWithDebInfo|win32.ActiveCfg = RelWithDebInfo|win32
		{A42E99B8-F4AD-3230-B3DD-2699CEF41C55}.RelWithDebInfo|win32.Build.0 = RelWithDebInfo|win32
		{46F1E92D-BE21-3FB1-BE46-35AA6BA0316E}.Debug|win32.ActiveCfg = Debug|win32
		{46F1E92D-BE21-3FB1-BE46-35AA6BA0316E}.Debug|win32.Build.0 = Debug|win32
		{46F1E92D-BE21-3FB1-BE46-35AA6BA0316E}.Release|win32.ActiveCfg = Release|win32
		{46F1E92D-BE21-3FB1-BE46-35AA6BA0316E}.Release|win32.Build.0 = Release|win32
		{46F1E92D-BE21-3FB1-BE46-35AA6BA0316E}.MinSizeRel|win32.ActiveCfg = MinSizeRel|win32
		{46F1E92D-BE21-3FB1-BE46-35AA6BA0316E}.MinSizeRel|win32.Build.0 = MinSizeRel|win32
		{46F1E92D-BE21-3FB1-BE46-35AA6BA0316E}.RelWithDebInfo|win32.ActiveCfg = RelWithDebInfo|win32
		{46F1E92D-BE21-3FB1-BE46-35AA6BA0316E}.RelWithDebInfo|win32.Build.0 = RelWithDebInfo|win32
		{D33C4D5F-C260-34A0-BBFB-194F1F2503A8}.Debug|win32.ActiveCfg = Debug|win32
		{D33C4D5F-C260-34A0-BBFB-194F1F2503A8}.Debug|win32.Build.0 = Debug|win32
		{D33C4D5F-C260-34A0-BBFB-194F1F2503A8}.Release|win32.ActiveCfg = Release|win32
		{D33C4D5F-C260-34A0-BBFB-194F1F2503A8}.Release|win32.Build.0 = Release|win32
		{D33C4D5F-C260-34A0-BBFB-194F1F2503A8}.MinSizeRel|win32.ActiveCfg = MinSizeRel|win32
		{D33C4D5F-C260-34A0-BBFB-194F1F2503A8}.MinSizeRel|win32.Build.0 = MinSizeRel|win32
		{D33C4D5F-C260-34A0-BBFB-194F1F2503A8}.RelWithDebInfo|win32.ActiveCfg = RelWithDebInfo|win32
		{D33C4D5F-C260-34A0-BBFB-194F1F2503A8}.RelWithDebInfo|win32.Build.0 = RelWithDebInfo|win32
	EndGlobalSection
	GlobalSection(NestedProjects) = preSolution
		{4CA97F37-0335-3061-84C4-2D2B8314B4EB} = {5D9EDA55-74E7-34A3-A750-2B48F2B36F43}
		{97A72F26-17F4-387F-9895-F3BC197AD8AB} = {5D9EDA55-74E7-34A3-A750-2B48F2B36F43}
		{D420F8EE-F1DD-36AE-B313-CEEDD9C8F6A9} = {F77E39D9-92EB-3A42-9BFB-D40B80D26A29}
		{AA55C923-7F11-30D8-A6D8-C87275C140B0} = {F77E39D9-92EB-3A42-9BFB-D40B80D26A29}
		{86AFF64C-CBDC-315C-BC9D-33D7E9677A5F} = {F77E39D9-92EB-3A42-9BFB-D40B80D26A29}
		{301FB721-B609-30A9-8F34-41FE63A99F12} = {F77E39D9-92EB-3A42-9BFB-D40B80D26A29}
		{802101E3-3A9B-35CA-9FF1-D18D6EFC8520} = {F77E39D9-92EB-3A42-9BFB-D40B80D26A29}
		{F24AC411-F528-3804-A736-888CCAE0F63F} = {F77E39D9-92EB-3A42-9BFB-D40B80D26A29}
		{2FCB7830-56E7-328D-A2A0-3225633FB887} = {F77E39D9-92EB-3A42-9BFB-D40B80D26A29}
		{EFE8E713-2F0D-3CDD-B902-02F1E03389B3} = {F77E39D9-92EB-3A42-9BFB-D40B80D26A29}
		{A42E99B8-F4AD-3230-B3DD-2699CEF41C55} = {F77E39D9-92EB-3A42-9BFB-D40B80D26A29}
		{46F1E92D-BE21-3FB1-BE46-35AA6BA0316E} = {F77E39D9-92EB-3A42-9BFB-D40B80D26A29}
		{D33C4D5F-C260-34A0-BBFB-194F1F2503A8} = {F77E39D9-92EB-3A42-9BFB-D40B80D26A29}
		{C3BF5B7C-837E-3EDE-9D79-4894697BD2B0} = {4D72F407-0D0A-3DA8-A917-582FA6003748}
	EndGlobalSection
	GlobalSection(ExtensibilityGlobals) = postSolution
		SolutionGuid = {4B1D856D-469C-3B7D-BF3A-41170282EFD7}
	EndGlobalSection
	GlobalSection(ExtensibilityAddIns) = postSolution
	EndGlobalSection
EndGlobal
